
Microsoft Visual Studio Solution File, Format Version 12.00
# Visual Studio Version 17
VisualStudioVersion = 17.0.31903.59
MinimumVisualStudioVersion = 10.0.40219.1
Project("{FAE04EC0-301F-11D3-BF4B-00C04F79EFBC}") = "Nasljedivanje_Vjezba_4", "Nasljedivanje_Vjezba_4.csproj", "{82E334AE-94B3-4C29-9E18-F11DD53CACF8}"
EndProject
Global
	GlobalSection(SolutionConfigurationPlatforms) = preSolution
		Debug|Any CPU = Debug|Any CPU
		Release|Any CPU = Release|Any CPU
	EndGlobalSection
	GlobalSection(ProjectConfigurationPlatforms) = postSolution
		{82E334AE-94B3-4C29-9E18-F11DD53CACF8}.Debug|Any CPU.ActiveCfg = Debug|Any CPU
		{82E334AE-94B3-4C29-9E18-F11DD53CACF8}.Debug|Any CPU.Build.0 = Debug|Any CPU
		{82E334AE-94B3-4C29-9E18-F11DD53CACF8}.Release|Any CPU.ActiveCfg = Release|Any CPU
		{82E334AE-94B3-4C29-9E18-F11DD53CACF8}.Release|Any CPU.Build.0 = Release|Any CPU
	EndGlobalSection
	GlobalSection(SolutionProperties) = preSolution
		HideSolutionNode = FALSE
	EndGlobalSection
	GlobalSection(ExtensibilityGlobals) = postSolution
		SolutionGuid = {D3DC6B1B-056D-4351-B11E-14D8112460F6}
	EndGlobalSection
EndGlobal
